PODS:
  - CocoaLumberjack/Core (3.5.3)
  - CocoaLumberjack/Swift (3.5.3):
    - CocoaLumberjack/Core
  - MixedErrorLog (0.1.2):
    - CocoaLumberjack/Swift

DEPENDENCIES:
  - MixedErrorLog (from `../`)

SPEC REPOS:
  https://github.com/cocoapods/specs.git:
    - CocoaLumberjack

EXTERNAL SOURCES:
  MixedErrorLog:
    :path: "../"

SPEC CHECKSUMS:
  CocoaLumberjack: 2f44e60eb91c176d471fdba43b9e3eae6a721947
  MixedErrorLog: 3519ba780ea804166e56a409a801ca82f3c5207f

PODFILE CHECKSUM: 22375d88c0d47f1dd07eeaa1fd597e8c97b276fe

COCOAPODS: 1.7.4
